
Microsoft Visual Studio Solution File, Format Version 12.00
# Visual Studio 15
Project("{FAE04EC0-301F-11D3-BF4B-00C04F79EFBC}") = "Assembly-CSharp", "Assembly-CSharp.csproj", "{599DF7C7-BC70-F51E-9182-D6E2C141F7B8}"
EndProject
Project("{FAE04EC0-301F-11D3-BF4B-00C04F79EFBC}") = "Assembly-CSharp-Editor", "Assembly-CSharp-Editor.csproj", "{54C9838E-3C16-8442-C0C6-E6A5DE917136}"
EndProject
Global
	GlobalSection(SolutionConfigurationPlatforms) = preSolution
		Debug|Any CPU = Debug|Any CPU
		Release|Any CPU = Release|Any CPU
	EndGlobalSection
	GlobalSection(ProjectConfigurationPlatforms) = postSolution
		{599DF7C7-BC70-F51E-9182-D6E2C141F7B8}.Debug|Any CPU.ActiveCfg = Debug|Any CPU
		{599DF7C7-BC70-F51E-9182-D6E2C141F7B8}.Debug|Any CPU.Build.0 = Debug|Any CPU
		{599DF7C7-BC70-F51E-9182-D6E2C141F7B8}.Release|Any CPU.ActiveCfg = Release|Any CPU
		{599DF7C7-BC70-F51E-9182-D6E2C141F7B8}.Release|Any CPU.Build.0 = Release|Any CPU
		{54C9838E-3C16-8442-C0C6-E6A5DE917136}.Debug|Any CPU.ActiveCfg = Debug|Any CPU
		{54C9838E-3C16-8442-C0C6-E6A5DE917136}.Debug|Any CPU.Build.0 = Debug|Any CPU
		{54C9838E-3C16-8442-C0C6-E6A5DE917136}.Release|Any CPU.ActiveCfg = Release|Any CPU
		{54C9838E-3C16-8442-C0C6-E6A5DE917136}.Release|Any CPU.Build.0 = Release|Any CPU
	EndGlobalSection
	GlobalSection(SolutionProperties) = preSolution
		HideSolutionNode = FALSE
	EndGlobalSection
EndGlobal
